
Microsoft Visual Studio Solution File, Format Version 12.00
# Visual Studio Version 16
VisualStudioVersion = 16.0.28922.388
MinimumVisualStudioVersion = 10.0.40219.1
Project("{FAE04EC0-301F-11D3-BF4B-00C04F79EFBC}") = "Ques1_01", "Ques1\Ques1_01.csproj", "{27BFD692-6C29-4694-9D65-E216941B3C15}"
EndProject
Project("{FAE04EC0-301F-11D3-BF4B-00C04F79EFBC}") = "Ques1_02", "Ques1_02\Ques1_02.csproj", "{C24CA336-6EB2-42BA-8A66-80DC61026A6D}"
EndProject
Project("{FAE04EC0-301F-11D3-BF4B-00C04F79EFBC}") = "Ques1_03", "Ques1_03\Ques1_03.csproj", "{CBB8D21A-E1BF-4FB7-AB52-42B8CD7066DB}"
EndProject
Project("{FAE04EC0-301F-11D3-BF4B-00C04F79EFBC}") = "Ques1_04", "Ques1_04\Ques1_04.csproj", "{9B7ABF26-77ED-47E2-A57D-90BD8D53CC01}"
EndProject
Project("{FAE04EC0-301F-11D3-BF4B-00C04F79EFBC}") = "Ques2", "Ques2\Ques2.csproj", "{49DE272D-C2A3-45DF-894E-0ABC3E4C59C4}"
EndProject
Global
	GlobalSection(SolutionConfigurationPlatforms) = preSolution
		Debug|Any CPU = Debug|Any CPU
		Release|Any CPU = Release|Any CPU
	EndGlobalSection
	GlobalSection(ProjectConfigurationPlatforms) = postSolution
		{27BFD692-6C29-4694-9D65-E216941B3C15}.Debug|Any CPU.ActiveCfg = Debug|Any CPU
		{27BFD692-6C29-4694-9D65-E216941B3C15}.Debug|Any CPU.Build.0 = Debug|Any CPU
		{27BFD692-6C29-4694-9D65-E216941B3C15}.Release|Any CPU.ActiveCfg = Release|Any CPU
		{27BFD692-6C29-4694-9D65-E216941B3C15}.Release|Any CPU.Build.0 = Release|Any CPU
		{C24CA336-6EB2-42BA-8A66-80DC61026A6D}.Debug|Any CPU.ActiveCfg = Debug|Any CPU
		{C24CA336-6EB2-42BA-8A66-80DC61026A6D}.Debug|Any CPU.Build.0 = Debug|Any CPU
		{C24CA336-6EB2-42BA-8A66-80DC61026A6D}.Release|Any CPU.ActiveCfg = Release|Any CPU
		{C24CA336-6EB2-42BA-8A66-80DC61026A6D}.Release|Any CPU.Build.0 = Release|Any CPU
		{CBB8D21A-E1BF-4FB7-AB52-42B8CD7066DB}.Debug|Any CPU.ActiveCfg = Debug|Any CPU
		{CBB8D21A-E1BF-4FB7-AB52-42B8CD7066DB}.Debug|Any CPU.Build.0 = Debug|Any CPU
		{CBB8D21A-E1BF-4FB7-AB52-42B8CD7066DB}.Release|Any CPU.ActiveCfg = Release|Any CPU
		{CBB8D21A-E1BF-4FB7-AB52-42B8CD7066DB}.Release|Any CPU.Build.0 = Release|Any CPU
		{9B7ABF26-77ED-47E2-A57D-90BD8D53CC01}.Debug|Any CPU.ActiveCfg = Debug|Any CPU
		{9B7ABF26-77ED-47E2-A57D-90BD8D53CC01}.Debug|Any CPU.Build.0 = Debug|Any CPU
		{9B7ABF26-77ED-47E2-A57D-90BD8D53CC01}.Release|Any CPU.ActiveCfg = Release|Any CPU
		{9B7ABF26-77ED-47E2-A57D-90BD8D53CC01}.Release|Any CPU.Build.0 = Release|Any CPU
		{49DE272D-C2A3-45DF-894E-0ABC3E4C59C4}.Debug|Any CPU.ActiveCfg = Debug|Any CPU
		{49DE272D-C2A3-45DF-894E-0ABC3E4C59C4}.Debug|Any CPU.Build.0 = Debug|Any CPU
		{49DE272D-C2A3-45DF-894E-0ABC3E4C59C4}.Release|Any CPU.ActiveCfg = Release|Any CPU
		{49DE272D-C2A3-45DF-894E-0ABC3E4C59C4}.Release|Any CPU.Build.0 = Release|Any CPU
	EndGlobalSection
	GlobalSection(SolutionProperties) = preSolution
		HideSolutionNode = FALSE
	EndGlobalSection
	GlobalSection(ExtensibilityGlobals) = postSolution
		SolutionGuid = {BAEE76F0-27CF-4AE9-9A24-D46BF0817A1E}
	EndGlobalSection
EndGlobal
